
Microsoft Visual Studio Solution File, Format Version 12.00
# Visual Studio Version 17
VisualStudioVersion = 17.0.32112.339
MinimumVisualStudioVersion = 10.0.40219.1
Project("{FAE04EC0-301F-11D3-BF4B-00C04F79EFBC}") = "AdventOfCode_2015_Day1", "AdventOfCode_2015_Day1.csproj", "{45FEB619-D0D1-409E-BBC2-48ADCEC24CB3}"
EndProject
Global
	GlobalSection(SolutionConfigurationPlatforms) = preSolution
		Debug|Any CPU = Debug|Any CPU
		Release|Any CPU = Release|Any CPU
	EndGlobalSection
	GlobalSection(ProjectConfigurationPlatforms) = postSolution
		{45FEB619-D0D1-409E-BBC2-48ADCEC24CB3}.Debug|Any CPU.ActiveCfg = Debug|Any CPU
		{45FEB619-D0D1-409E-BBC2-48ADCEC24CB3}.Debug|Any CPU.Build.0 = Debug|Any CPU
		{45FEB619-D0D1-409E-BBC2-48ADCEC24CB3}.Release|Any CPU.ActiveCfg = Release|Any CPU
		{45FEB619-D0D1-409E-BBC2-48ADCEC24CB3}.Release|Any CPU.Build.0 = Release|Any CPU
	EndGlobalSection
	GlobalSection(SolutionProperties) = preSolution
		HideSolutionNode = FALSE
	EndGlobalSection
	GlobalSection(ExtensibilityGlobals) = postSolution
		SolutionGuid = {FB7AE5D8-EE13-4263-BD72-2F1373056216}
	EndGlobalSection
EndGlobal
